
Microsoft Visual Studio Solution File, Format Version 12.00
# Visual Studio Version 17
VisualStudioVersion = 17.7.34031.279
MinimumVisualStudioVersion = 10.0.40219.1
Project("{FAE04EC0-301F-11D3-BF4B-00C04F79EFBC}") = "rjw_mens_ressource", "rjw_mens_ressource\rjw_mens_ressource.csproj", "{22D89E69-8BD8-460F-BC36-C01610CB5A75}"
EndProject
Global
	GlobalSection(SolutionConfigurationPlatforms) = preSolution
		Debug|Any CPU = Debug|Any CPU
		Release|Any CPU = Release|Any CPU
	EndGlobalSection
	GlobalSection(ProjectConfigurationPlatforms) = postSolution
		{22D89E69-8BD8-460F-BC36-C01610CB5A75}.Debug|Any CPU.ActiveCfg = Debug|Any CPU
		{22D89E69-8BD8-460F-BC36-C01610CB5A75}.Debug|Any CPU.Build.0 = Debug|Any CPU
		{22D89E69-8BD8-460F-BC36-C01610CB5A75}.Release|Any CPU.ActiveCfg = Release|Any CPU
		{22D89E69-8BD8-460F-BC36-C01610CB5A75}.Release|Any CPU.Build.0 = Release|Any CPU
	EndGlobalSection
	GlobalSection(SolutionProperties) = preSolution
		HideSolutionNode = FALSE
	EndGlobalSection
	GlobalSection(ExtensibilityGlobals) = postSolution
		SolutionGuid = {CD4FA841-1B98-4A46-B042-04D215674ED9}
	EndGlobalSection
EndGlobal
